
Microsoft Visual Studio Solution File, Format Version 12.00
# Visual Studio Version 17
VisualStudioVersion = 17.2.32526.322
MinimumVisualStudioVersion = 10.0.40219.1
Project("{FAE04EC0-301F-11D3-BF4B-00C04F79EFBC}") = "Books_Collection", "Books_Collection\Books_Collection.csproj", "{5DB1AA0F-E952-43AB-B67E-9AB8AE5B06BE}"
EndProject
Global
	GlobalSection(SolutionConfigurationPlatforms) = preSolution
		Debug|Any CPU = Debug|Any CPU
		Release|Any CPU = Release|Any CPU
	EndGlobalSection
	GlobalSection(ProjectConfigurationPlatforms) = postSolution
		{5DB1AA0F-E952-43AB-B67E-9AB8AE5B06BE}.Debug|Any CPU.ActiveCfg = Debug|Any CPU
		{5DB1AA0F-E952-43AB-B67E-9AB8AE5B06BE}.Debug|Any CPU.Build.0 = Debug|Any CPU
		{5DB1AA0F-E952-43AB-B67E-9AB8AE5B06BE}.Release|Any CPU.ActiveCfg = Release|Any CPU
		{5DB1AA0F-E952-43AB-B67E-9AB8AE5B06BE}.Release|Any CPU.Build.0 = Release|Any CPU
	EndGlobalSection
	GlobalSection(SolutionProperties) = preSolution
		HideSolutionNode = FALSE
	EndGlobalSection
	GlobalSection(ExtensibilityGlobals) = postSolution
		SolutionGuid = {F5F51FEC-44CB-4140-90ED-94CB449C8E97}
	EndGlobalSection
EndGlobal
